
Microsoft Visual Studio Solution File, Format Version 12.00
# Visual Studio 15
VisualStudioVersion = 15.0.27428.2043
MinimumVisualStudioVersion = 10.0.40219.1
Project("{FAE04EC0-301F-11D3-BF4B-00C04F79EFBC}") = "First Project Angular", "First Project Angular\First Project Angular.csproj", "{99BA57FF-0F3E-449E-B478-91DE59C4C78E}"
EndProject
Global
	GlobalSection(SolutionConfigurationPlatforms) = preSolution
		Debug|Any CPU = Debug|Any CPU
		Release|Any CPU = Release|Any CPU
	EndGlobalSection
	GlobalSection(ProjectConfigurationPlatforms) = postSolution
		{99BA57FF-0F3E-449E-B478-91DE59C4C78E}.Debug|Any CPU.ActiveCfg = Debug|Any CPU
		{99BA57FF-0F3E-449E-B478-91DE59C4C78E}.Debug|Any CPU.Build.0 = Debug|Any CPU
		{99BA57FF-0F3E-449E-B478-91DE59C4C78E}.Release|Any CPU.ActiveCfg = Release|Any CPU
		{99BA57FF-0F3E-449E-B478-91DE59C4C78E}.Release|Any CPU.Build.0 = Release|Any CPU
	EndGlobalSection
	GlobalSection(SolutionProperties) = preSolution
		HideSolutionNode = FALSE
	EndGlobalSection
	GlobalSection(ExtensibilityGlobals) = postSolution
		SolutionGuid = {942B54FA-7EBB-4788-B214-798EF03B273C}
	EndGlobalSection
EndGlobal
